Microsoft Visual Studio Solution File, Format Version 11.00
# Visual Studio 2008

Project("{853918DE-EDC7-54BF-9249-A1C1509ECB70}") = "NinjaAssassin", "Assembly-CSharp-firstpass.csproj", "{DDDD4F4C-3B62-731C-4053-FC152144E464}"
EndProject
Project("{853918DE-EDC7-54BF-9249-A1C1509ECB70}") = "NinjaAssassin", "Assembly-CSharp.csproj", "{7B4261AE-86E4-A8F0-2C92-712DD88BFDAF}"
EndProject
Project("{853918DE-EDC7-54BF-9249-A1C1509ECB70}") = "NinjaAssassin", "Assembly-CSharp-Editor.csproj", "{6D07044F-673F-DFB2-FD92-7E9AAC57BF07}"
EndProject
Project("{853918DE-EDC7-54BF-9249-A1C1509ECB70}") = "NinjaAssassin", "Assembly-UnityScript-firstpass.unityproj", "{AA204D60-ECD3-2A2A-B8C4-02FED8567950}"
EndProject
Global
	GlobalSection(SolutionConfigurationPlatforms) = preSolution
		Debug|Any CPU = Debug|Any CPU
		Release|Any CPU = Release|Any CPU
	EndGlobalSection
	GlobalSection(ProjectConfigurationPlatforms) = postSolution
		{DDDD4F4C-3B62-731C-4053-FC152144E464}.Debug|Any CPU.ActiveCfg = Debug|Any CPU
		{DDDD4F4C-3B62-731C-4053-FC152144E464}.Debug|Any CPU.Build.0 = Debug|Any CPU
		{DDDD4F4C-3B62-731C-4053-FC152144E464}.Release|Any CPU.ActiveCfg = Release|Any CPU
		{DDDD4F4C-3B62-731C-4053-FC152144E464}.Release|Any CPU.Build.0 = Release|Any CPU
		{7B4261AE-86E4-A8F0-2C92-712DD88BFDAF}.Debug|Any CPU.ActiveCfg = Debug|Any CPU
		{7B4261AE-86E4-A8F0-2C92-712DD88BFDAF}.Debug|Any CPU.Build.0 = Debug|Any CPU
		{7B4261AE-86E4-A8F0-2C92-712DD88BFDAF}.Release|Any CPU.ActiveCfg = Release|Any CPU
		{7B4261AE-86E4-A8F0-2C92-712DD88BFDAF}.Release|Any CPU.Build.0 = Release|Any CPU
		{6D07044F-673F-DFB2-FD92-7E9AAC57BF07}.Debug|Any CPU.ActiveCfg = Debug|Any CPU
		{6D07044F-673F-DFB2-FD92-7E9AAC57BF07}.Debug|Any CPU.Build.0 = Debug|Any CPU
		{6D07044F-673F-DFB2-FD92-7E9AAC57BF07}.Release|Any CPU.ActiveCfg = Release|Any CPU
		{6D07044F-673F-DFB2-FD92-7E9AAC57BF07}.Release|Any CPU.Build.0 = Release|Any CPU
		{AA204D60-ECD3-2A2A-B8C4-02FED8567950}.Debug|Any CPU.ActiveCfg = Debug|Any CPU
		{AA204D60-ECD3-2A2A-B8C4-02FED8567950}.Debug|Any CPU.Build.0 = Debug|Any CPU
		{AA204D60-ECD3-2A2A-B8C4-02FED8567950}.Release|Any CPU.ActiveCfg = Release|Any CPU
		{AA204D60-ECD3-2A2A-B8C4-02FED8567950}.Release|Any CPU.Build.0 = Release|Any CPU
	EndGlobalSection
	GlobalSection(SolutionProperties) = preSolution
		HideSolutionNode = FALSE
	EndGlobalSection
	GlobalSection(MonoDevelopProperties) = preSolution
		StartupItem = Assembly-CSharp.csproj
	EndGlobalSection
EndGlobal
